
Microsoft Visual Studio Solution File, Format Version 12.00
# Visual Studio Version 17
VisualStudioVersion = 17.4.33213.308
MinimumVisualStudioVersion = 10.0.40219.1
Project("{FAE04EC0-301F-11D3-BF4B-00C04F79EFBC}") = "3DPC Server.Server", "Server\3DPC Server.Server.csproj", "{9DA62111-C1AF-4F53-824A-8C106D88EC3C}"
EndProject
Project("{FAE04EC0-301F-11D3-BF4B-00C04F79EFBC}") = "3DPC Server.Client", "Client\3DPC Server.Client.csproj", "{C3B8F2A7-2A5D-4760-8084-564308330FAE}"
EndProject
Project("{FAE04EC0-301F-11D3-BF4B-00C04F79EFBC}") = "3DPC Server.Shared", "Shared\3DPC Server.Shared.csproj", "{8E825E91-D5F9-4209-BE8D-BD659DA67E76}"
EndProject
Global
	GlobalSection(SolutionConfigurationPlatforms) = preSolution
		Debug|Any CPU = Debug|Any CPU
		Release|Any CPU = Release|Any CPU
	EndGlobalSection
	GlobalSection(ProjectConfigurationPlatforms) = postSolution
		{9DA62111-C1AF-4F53-824A-8C106D88EC3C}.Debug|Any CPU.ActiveCfg = Debug|Any CPU
		{9DA62111-C1AF-4F53-824A-8C106D88EC3C}.Debug|Any CPU.Build.0 = Debug|Any CPU
		{9DA62111-C1AF-4F53-824A-8C106D88EC3C}.Release|Any CPU.ActiveCfg = Release|Any CPU
		{9DA62111-C1AF-4F53-824A-8C106D88EC3C}.Release|Any CPU.Build.0 = Release|Any CPU
		{C3B8F2A7-2A5D-4760-8084-564308330FAE}.Debug|Any CPU.ActiveCfg = Debug|Any CPU
		{C3B8F2A7-2A5D-4760-8084-564308330FAE}.Debug|Any CPU.Build.0 = Debug|Any CPU
		{C3B8F2A7-2A5D-4760-8084-564308330FAE}.Release|Any CPU.ActiveCfg = Release|Any CPU
		{C3B8F2A7-2A5D-4760-8084-564308330FAE}.Release|Any CPU.Build.0 = Release|Any CPU
		{8E825E91-D5F9-4209-BE8D-BD659DA67E76}.Debug|Any CPU.ActiveCfg = Debug|Any CPU
		{8E825E91-D5F9-4209-BE8D-BD659DA67E76}.Debug|Any CPU.Build.0 = Debug|Any CPU
		{8E825E91-D5F9-4209-BE8D-BD659DA67E76}.Release|Any CPU.ActiveCfg = Release|Any CPU
		{8E825E91-D5F9-4209-BE8D-BD659DA67E76}.Release|Any CPU.Build.0 = Release|Any CPU
	EndGlobalSection
	GlobalSection(SolutionProperties) = preSolution
		HideSolutionNode = FALSE
	EndGlobalSection
	GlobalSection(ExtensibilityGlobals) = postSolution
		SolutionGuid = {06053DF4-8992-46D0-AD1C-23FEF44BF4EF}
	EndGlobalSection
EndGlobal
